
Microsoft Visual Studio Solution File, Format Version 12.00
# Visual Studio Version 17
VisualStudioVersion = 17.4.33110.190
MinimumVisualStudioVersion = 10.0.40219.1
Project("{FAE04EC0-301F-11D3-BF4B-00C04F79EFBC}") = "TcddBiletExist", "TcddBiletExist\TcddBiletExist.csproj", "{4CB2D304-5E6C-4A2C-AECF-C4E7AC7E23BA}"
EndProject
Global
	GlobalSection(SolutionConfigurationPlatforms) = preSolution
		Debug|Any CPU = Debug|Any CPU
		Release|Any CPU = Release|Any CPU
	EndGlobalSection
	GlobalSection(ProjectConfigurationPlatforms) = postSolution
		{4CB2D304-5E6C-4A2C-AECF-C4E7AC7E23BA}.Debug|Any CPU.ActiveCfg = Debug|Any CPU
		{4CB2D304-5E6C-4A2C-AECF-C4E7AC7E23BA}.Debug|Any CPU.Build.0 = Debug|Any CPU
		{4CB2D304-5E6C-4A2C-AECF-C4E7AC7E23BA}.Release|Any CPU.ActiveCfg = Release|Any CPU
		{4CB2D304-5E6C-4A2C-AECF-C4E7AC7E23BA}.Release|Any CPU.Build.0 = Release|Any CPU
	EndGlobalSection
	GlobalSection(SolutionProperties) = preSolution
		HideSolutionNode = FALSE
	EndGlobalSection
	GlobalSection(ExtensibilityGlobals) = postSolution
		SolutionGuid = {3993DB1E-94AD-48E2-A8C4-917C82A88731}
	EndGlobalSection
EndGlobal
